
Microsoft Visual Studio Solution File, Format Version 12.00
# Visual Studio 14
VisualStudioVersion = 14.0.25420.1
MinimumVisualStudioVersion = 10.0.40219.1
Project("{FAE04EC0-301F-11D3-BF4B-00C04F79EFBC}") = "MagayaApi", "WindowsFormsApplication6\MagayaApi.csproj", "{AAFF3D07-1F69-4707-969E-F4CA7E930AF5}"
EndProject
Project("{2150E333-8FDC-42A3-9474-1A3956D46DE8}") = "Solution Items", "Solution Items", "{8A164B36-E58F-46FF-B31F-1393B598F5EC}"
	ProjectSection(SolutionItems) = preProject
		WebEssentials2015-Settings.json = WebEssentials2015-Settings.json
		XMLFile1.xml = XMLFile1.xml
	EndProjectSection
EndProject
Global
	GlobalSection(SolutionConfigurationPlatforms) = preSolution
		Debug|Any CPU = Debug|Any CPU
		Release|Any CPU = Release|Any CPU
	EndGlobalSection
	GlobalSection(ProjectConfigurationPlatforms) = postSolution
		{AAFF3D07-1F69-4707-969E-F4CA7E930AF5}.Debug|Any CPU.ActiveCfg = Debug|Any CPU
		{AAFF3D07-1F69-4707-969E-F4CA7E930AF5}.Debug|Any CPU.Build.0 = Debug|Any CPU
		{AAFF3D07-1F69-4707-969E-F4CA7E930AF5}.Release|Any CPU.ActiveCfg = Release|Any CPU
		{AAFF3D07-1F69-4707-969E-F4CA7E930AF5}.Release|Any CPU.Build.0 = Release|Any CPU
	EndGlobalSection
	GlobalSection(SolutionProperties) = preSolution
		HideSolutionNode = FALSE
	EndGlobalSection
EndGlobal
